
Microsoft Visual Studio Solution File, Format Version 12.00
# Visual Studio Version 17
VisualStudioVersion = 17.7.34031.279
MinimumVisualStudioVersion = 10.0.40219.1
Project("{FAE04EC0-301F-11D3-BF4B-00C04F79EFBC}") = "EduHome", "EduHome\EduHome.csproj", "{AB34D3BD-206B-44D4-B2BE-48DBE737605E}"
EndProject
Global
	GlobalSection(SolutionConfigurationPlatforms) = preSolution
		Debug|Any CPU = Debug|Any CPU
		Release|Any CPU = Release|Any CPU
	EndGlobalSection
	GlobalSection(ProjectConfigurationPlatforms) = postSolution
		{AB34D3BD-206B-44D4-B2BE-48DBE737605E}.Debug|Any CPU.ActiveCfg = Debug|Any CPU
		{AB34D3BD-206B-44D4-B2BE-48DBE737605E}.Debug|Any CPU.Build.0 = Debug|Any CPU
		{AB34D3BD-206B-44D4-B2BE-48DBE737605E}.Release|Any CPU.ActiveCfg = Release|Any CPU
		{AB34D3BD-206B-44D4-B2BE-48DBE737605E}.Release|Any CPU.Build.0 = Release|Any CPU
	EndGlobalSection
	GlobalSection(SolutionProperties) = preSolution
		HideSolutionNode = FALSE
	EndGlobalSection
	GlobalSection(ExtensibilityGlobals) = postSolution
		SolutionGuid = {21F3F234-8730-4043-B338-4F9A92DA173D}
	EndGlobalSection
EndGlobal
